// !$*UTF8*$!
{
	archiveVersion = 1;
	classes = {
	};
	objectVersion = 50;
	objects = {

/* Begin PBXBuildFile section */
		189229CD22F1AE1700EF1E02 /* AppDelegate.swift in Sources */ = {isa = PBXBuildFile; fileRef = 189229CC22F1AE1700EF1E02 /* AppDelegate.swift */; };
		189229CF22F1AE1700EF1E02 /* ViewController.swift in Sources */ = {isa = PBXBuildFile; fileRef = 189229CE22F1AE1700EF1E02 /* ViewController.swift */; };
		189229D222F1AE1700EF1E02 /* Main.storyboard in Resources */ = {isa = PBXBuildFile; fileRef = 189229D022F1AE1700EF1E02 /* Main.storyboard */; };
		189229D422F1AE1700EF1E02 /* Assets.xcassets in Resources */ = {isa = PBXBuildFile; fileRef = 189229D322F1AE1700EF1E02 /* Assets.xcassets */; };
		189229D722F1AE1700EF1E02 /* LaunchScreen.storyboard in Resources */ = {isa = PBXBuildFile; fileRef = 189229D522F1AE1700EF1E02 /* LaunchScreen.storyboard */; };
		189229E322F1B31400EF1E02 /* SecondViewController.swift in Sources */ = {isa = PBXBuildFile; fileRef = 189229E222F1B31400EF1E02 /* SecondViewController.swift */; };
		189229E522F1B52100EF1E02 /* ThirdViewController.swift in Sources */ = {isa = PBXBuildFile; fileRef = 189229E422F1B52100EF1E02 /* ThirdViewController.swift */; };
		189229E722F1B61D00EF1E02 /* fourthViewController.swift in Sources */ = {isa = PBXBuildFile; fileRef = 189229E622F1B61D00EF1E02 /* fourthViewController.swift */; };
		1898AF8422F29AB6000976A3 /* FifthViewController.swift in Sources */ = {isa = PBXBuildFile; fileRef = 1898AF8322F29AB5000976A3 /* FifthViewController.swift */; };
/* End PBXBuildFile section */

/* Begin PBXFileReference section */
		189229C922F1AE1700EF1E02 /* MultiViewApp.app */ = {isa = PBXFileReference; explicitFileType = wrapper.application; includeInIndex = 0; path = MultiViewApp.app; sourceTree = BUILT_PRODUCTS_DIR; };
		189229CC22F1AE1700EF1E02 /* AppDelegate.swift */ = {isa = PBXFileReference; lastKnownFileType = sourcecode.swift; path = AppDelegate.swift; sourceTree = "<group>"; };
		189229CE22F1AE1700EF1E02 /* ViewController.swift */ = {isa = PBXFileReference; lastKnownFileType = sourcecode.swift; path = ViewController.swift; sourceTree = "<group>"; };
		189229D122F1AE1700EF1E02 /* Base */ = {isa = PBXFileReference; lastKnownFileType = file.storyboard; name = Base; path = Base.lproj/Main.storyboard; sourceTree = "<group>"; };
		189229D322F1AE1700EF1E02 /* Assets.xcassets */ = {isa = PBXFileReference; lastKnownFileType = folder.assetcatalog; path = Assets.xcassets; sourceTree = "<group>"; };
		189229D622F1AE1700EF1E02 /* Base */ = {isa = PBXFileReference; lastKnownFileType = file.storyboard; name = Base; path = Base.lproj/LaunchScreen.storyboard; sourceTree = "<group>"; };
		189229D822F1AE1700EF1E02 /* Info.plist */ = {isa = PBXFileReference; lastKnownFileType = text.plist.xml; path = Info.plist; sourceTree = "<group>"; };
		189229E222F1B31400EF1E02 /* SecondViewController.swift */ = {isa = PBXFileReference; lastKnownFileType = sourcecode.swift; path = SecondViewController.swift; sourceTree = "<group>"; };
		189229E422F1B52100EF1E02 /* ThirdViewController.swift */ = {isa = PBXFileReference; lastKnownFileType = sourcecode.swift; path = ThirdViewController.swift; sourceTree = "<group>"; };
		189229E622F1B61D00EF1E02 /* fourthViewController.swift */ = {isa = PBXFileReference; lastKnownFileType = sourcecode.swift; path = fourthViewController.swift; sourceTree = "<group>"; };
		1898AF8322F29AB5000976A3 /* FifthViewController.swift */ = {isa = PBXFileReference; lastKnownFileType = sourcecode.swift; path = FifthViewController.swift; sourceTree = "<group>"; };
/* End PBXFileReference section */

/* Begin PBXFrameworksBuildPhase section */
		189229C622F1AE1700EF1E02 /* Frameworks */ = {
			isa = PBXFrameworksBuildPhase;
			buildActionMask = 2147483647;
			files = (
			);
			runOnlyForDeploymentPostprocessing = 0;
		};
/* End PBXFrameworksBuildPhase section */

/* Begin PBXGroup section */
		189229C022F1AE1700EF1E02 = {
			isa = PBXGroup;
			children = (
				189229CB22F1AE1700EF1E02 /* MultiViewApp */,
				189229CA22F1AE1700EF1E02 /* Products */,
			);
			sourceTree = "<group>";
		};
		189229CA22F1AE1700EF1E02 /* Products */ = {
			isa = PBXGroup;
			children = (
				189229C922F1AE1700EF1E02 /* MultiViewApp.app */,
			);
			name = Products;
			sourceTree = "<group>";
		};
		189229CB22F1AE1700EF1E02 /* MultiViewApp */ = {
			isa = PBXGroup;
			children = (
				189229E422F1B52100EF1E02 /* ThirdViewController.swift */,
				189229E222F1B31400EF1E02 /* SecondViewController.swift */,
				189229CC22F1AE1700EF1E02 /* AppDelegate.swift */,
				189229CE22F1AE1700EF1E02 /* ViewController.swift */,
				1898AF8322F29AB5000976A3 /* FifthViewController.swift */,
				189229D022F1AE1700EF1E02 /* Main.storyboard */,
				189229E622F1B61D00EF1E02 /* fourthViewController.swift */,
				189229D322F1AE1700EF1E02 /* Assets.xcassets */,
				189229D522F1AE1700EF1E02 /* LaunchScreen.storyboard */,
				189229D822F1AE1700EF1E02 /* Info.plist */,
			);
			path = MultiViewApp;
			sourceTree = "<group>";
		};
/* End PBXGroup section */

/* Begin PBXNativeTarget section */
		189229C822F1AE1700EF1E02 /* MultiViewApp */ = {
			isa = PBXNativeTarget;
			buildConfigurationList = 189229DB22F1AE1700EF1E02 /* Build configuration list for PBXNativeTarget "MultiViewApp" */;
			buildPhases = (
				189229C522F1AE1700EF1E02 /* Sources */,
				189229C622F1AE1700EF1E02 /* Frameworks */,
				189229C722F1AE1700EF1E02 /* Resources */,
			);
			buildRules = (
			);
			dependencies = (
			);
			name = MultiViewApp;
			productName = MultiViewApp;
			productReference = 189229C922F1AE1700EF1E02 /* MultiViewApp.app */;
			productType = "com.apple.product-type.application";
		};
/* End PBXNativeTarget section */

/* Begin PBXProject section */
		189229C122F1AE1700EF1E02 /* Project object */ = {
			isa = PBXProject;
			attributes = {
				LastSwiftUpdateCheck = 1020;
				LastUpgradeCheck = 1020;
				ORGANIZATIONNAME = DBS;
				TargetAttributes = {
					189229C822F1AE1700EF1E02 = {
						CreatedOnToolsVersion = 10.2.1;
					};
				};
			};
			buildConfigurationList = 189229C422F1AE1700EF1E02 /* Build configuration list for PBXProject "MultiViewApp" */;
			compatibilityVersion = "Xcode 9.3";
			developmentRegion = en;
			hasScannedForEncodings = 0;
			knownRegions = (
				en,
				Base,
			);
			mainGroup = 189229C022F1AE1700EF1E02;
			productRefGroup = 189229CA22F1AE1700EF1E02 /* Products */;
			projectDirPath = "";
			projectRoot = "";
			targets = (
				189229C822F1AE1700EF1E02 /* MultiViewApp */,
			);
		};
/* End PBXProject section */

/* Begin PBXResourcesBuildPhase section */
		189229C722F1AE1700EF1E02 /* Resources */ = {
			isa = PBXResourcesBuildPhase;
			buildActionMask = 2147483647;
			files = (
				189229D722F1AE1700EF1E02 /* LaunchScreen.storyboard in Resources */,
				189229D422F1AE1700EF1E02 /* Assets.xcassets in Resources */,
				189229D222F1AE1700EF1E02 /* Main.storyboard in Resources */,
			);
			runOnlyForDeploymentPostprocessing = 0;
		};
/* End PBXResourcesBuildPhase section */

/* Begin PBXSourcesBuildPhase section */
		189229C522F1AE1700EF1E02 /* Sources */ = {
			isa = PBXSourcesBuildPhase;
			buildActionMask = 2147483647;
			files = (
				1898AF8422F29AB6000976A3 /* FifthViewController.swift in Sources */,
				189229E722F1B61D00EF1E02 /* fourthViewController.swift in Sources */,
				189229E322F1B31400EF1E02 /* SecondViewController.swift in Sources */,
				189229CF22F1AE1700EF1E02 /* ViewController.swift in Sources */,
				189229E522F1B52100EF1E02 /* ThirdViewController.swift in Sources */,
				189229CD22F1AE1700EF1E02 /* AppDelegate.swift in Sources */,
			);
			runOnlyForDeploymentPostprocessing = 0;
		};
/* End PBXSourcesBuildPhase section */

/* Begin PBXVariantGroup section */
		189229D022F1AE1700EF1E02 /* Main.storyboard */ = {
			isa = PBXVariantGroup;
			children = (
				189229D122F1AE1700EF1E02 /* Base */,
			);
			name = Main.storyboard;
			sourceTree = "<group>";
		};
		189229D522F1AE1700EF1E02 /* LaunchScreen.storyboard */ = {
			isa = PBXVariantGroup;
			children = (
				189229D622F1AE1700EF1E02 /* Base */,
			);
			name = LaunchScreen.storyboard;
			sourceTree = "<group>";
		};
/* End PBXVariantGroup section */

/* Begin XCBuildConfiguration section */
		189229D922F1AE1700EF1E02 /* Debug */ = {
			isa = XCBuildConfiguration;
			buildSettings = {
				ALWAYS_SEARCH_USER_PATHS = NO;
				CLANG_ANALYZER_NONNULL = YES;
				CLANG_ANALYZER_NUMBER_OBJECT_CONVERSION = YES_AGGRESSIVE;
				CLANG_CXX_LANGUAGE_STANDARD = "gnu++14";
				CLANG_CXX_LIBRARY = "libc++";
				CLANG_ENABLE_MODULES = YES;
				CLANG_ENABLE_OBJC_ARC = YES;
				CLANG_ENABLE_OBJC_WEAK = YES;
				CLANG_WARN_BLOCK_CAPTURE_AUTORELEASING = YES;
				CLANG_WARN_BOOL_CONVERSION = YES;
				CLANG_WARN_COMMA = YES;
				CLANG_WARN_CONSTANT_CONVERSION = YES;
				CLANG_WARN_DEPRECATED_OBJC_IMPLEMENTATIONS = YES;
				CLANG_WARN_DIRECT_OBJC_ISA_USAGE = YES_ERROR;
				CLANG_WARN_DOCUMENTATION_COMMENTS = YES;
				CLANG_WARN_EMPTY_BODY = YES;
				CLANG_WARN_ENUM_CONVERSION = YES;
				CLANG_WARN_INFINITE_RECURSION = YES;
				CLANG_WARN_INT_CONVERSION = YES;
				CLANG_WARN_NON_LITERAL_NULL_CONVERSION = YES;
				CLANG_WARN_OBJC_IMPLICIT_RETAIN_SELF = YES;
				CLANG_WARN_OBJC_LITERAL_CONVERSION = YES;
				CLANG_WARN_OBJC_ROOT_CLASS = YES_ERROR;
				CLANG_WARN_RANGE_LOOP_ANALYSIS = YES;
				CLANG_WARN_STRICT_PROTOTYPES = YES;
				CLANG_WARN_SUSPICIOUS_MOVE = YES;
				CLANG_WARN_UNGUARDED_AVAILABILITY = YES_AGGRESSIVE;
				CLANG_WARN_UNREACHABLE_CODE = YES;
				CLANG_WARN__DUPLICATE_METHOD_MATCH = YES;
				CODE_SIGN_IDENTITY = "iPhone Developer";
				COPY_PHASE_STRIP = NO;
				DEBUG_INFORMATION_FORMAT = dwarf;
				ENABLE_STRICT_OBJC_MSGSEND = YES;
				ENABLE_TESTABILITY = YES;
				GCC_C_LANGUAGE_STANDARD = gnu11;
				GCC_DYNAMIC_NO_PIC = NO;
				GCC_NO_COMMON_BLOCKS = YES;
				GCC_OPTIMIZATION_LEVEL = 0;
				GCC_PREPROCESSOR_DEFINITIONS = (
					"DEBUG=1",
					"$(inherited)",
				);
				GCC_WARN_64_TO_32_BIT_CONVERSION = YES;
				GCC_WARN_ABOUT_RETURN_TYPE = YES_ERROR;
				GCC_WARN_UNDECLARED_SELECTOR = YES;
				GCC_WARN_UNINITIALIZED_AUTOS = YES_AGGRESSIVE;
				GCC_WARN_UNUSED_FUNCTION = YES;
				GCC_WARN_UNUSED_VARIABLE = YES;
				IPHONEOS_DEPLOYMENT_TARGET = 12.2;
				MTL_ENABLE_DEBUG_INFO = INCLUDE_SOURCE;
				MTL_FAST_MATH = YES;
				ONLY_ACTIVE_ARCH = YES;
				SDKROOT = iphoneos;
				SWIFT_ACTIVE_COMPILATION_CONDITIONS = DEBUG;
				SWIFT_OPTIMIZATION_LEVEL = "-Onone";
			};
			name = Debug;
		};
		189229DA22F1AE1700EF1E02 /* Release */ = {
			isa = XCBuildConfiguration;
			buildSettings = {
				ALWAYS_SEARCH_USER_PATHS = NO;
				CLANG_ANALYZER_NONNULL = YES;
				CLANG_ANALYZER_NUMBER_OBJECT_CONVERSION = YES_AGGRESSIVE;
				CLANG_CXX_LANGUAGE_STANDARD = "gnu++14";
				CLANG_CXX_LIBRARY = "libc++";
				CLANG_ENABLE_MODULES = YES;
				CLANG_ENABLE_OBJC_ARC = YES;
				CLANG_ENABLE_OBJC_WEAK = YES;
				CLANG_WARN_BLOCK_CAPTURE_AUTORELEASING = YES;
				CLANG_WARN_BOOL_CONVERSION = YES;
				CLANG_WARN_COMMA = YES;
				CLANG_WARN_CONSTANT_CONVERSION = YES;
				CLANG_WARN_DEPRECATED_OBJC_IMPLEMENTATIONS = YES;
				CLANG_WARN_DIRECT_OBJC_ISA_USAGE = YES_ERROR;
				CLANG_WARN_DOCUMENTATION_COMMENTS = YES;
				CLANG_WARN_EMPTY_BODY = YES;
				CLANG_WARN_ENUM_CONVERSION = YES;
				CLANG_WARN_INFINITE_RECURSION = YES;
				CLANG_WARN_INT_CONVERSION = YES;
				CLANG_WARN_NON_LITERAL_NULL_CONVERSION = YES;
				CLANG_WARN_OBJC_IMPLICIT_RETAIN_SELF = YES;
				CLANG_WARN_OBJC_LITERAL_CONVERSION = YES;
				CLANG_WARN_OBJC_ROOT_CLASS = YES_ERROR;
				CLANG_WARN_RANGE_LOOP_ANALYSIS = YES;
				CLANG_WARN_STRICT_PROTOTYPES = YES;
				CLANG_WARN_SUSPICIOUS_MOVE = YES;
				CLANG_WARN_UNGUARDED_AVAILABILITY = YES_AGGRESSIVE;
				CLANG_WARN_UNREACHABLE_CODE = YES;
				CLANG_WARN__DUPLICATE_METHOD_MATCH = YES;
				CODE_SIGN_IDENTITY = "iPhone Developer";
				COPY_PHASE_STRIP = NO;
				DEBUG_INFORMATION_FORMAT = "dwarf-with-dsym";
				ENABLE_NS_ASSERTIONS = NO;
				ENABLE_STRICT_OBJC_MSGSEND = YES;
				GCC_C_LANGUAGE_STANDARD = gnu11;
				GCC_NO_COMMON_BLOCKS = YES;
				GCC_WARN_64_TO_32_BIT_CONVERSION = YES;
				GCC_WARN_ABOUT_RETURN_TYPE = YES_ERROR;
				GCC_WARN_UNDECLARED_SELECTOR = YES;
				GCC_WARN_UNINITIALIZED_AUTOS = YES_AGGRESSIVE;
				GCC_WARN_UNUSED_FUNCTION = YES;
				GCC_WARN_UNUSED_VARIABLE = YES;
				IPHONEOS_DEPLOYMENT_TARGET = 12.2;
				MTL_ENABLE_DEBUG_INFO = NO;
				MTL_FAST_MATH = YES;
				SDKROOT = iphoneos;
				SWIFT_COMPILATION_MODE = wholemodule;
				SWIFT_OPTIMIZATION_LEVEL = "-O";
				VALIDATE_PRODUCT = YES;
			};
			name = Release;
		};
		189229DC22F1AE1700EF1E02 /* Debug */ = {
			isa = XCBuildConfiguration;
			buildSettings = {
				ASSETCATALOG_COMPILER_APPICON_NAME = AppIcon;
				CODE_SIGN_STYLE = Automatic;
				INFOPLIST_FILE = MultiViewApp/Info.plist;
				LD_RUNPATH_SEARCH_PATHS = (
					"$(inherited)",
					"@executable_path/Frameworks",
				);
				PRODUCT_BUNDLE_IDENTIFIER = com.dbs.MultiViewApp;
				PRODUCT_NAME = "$(TARGET_NAME)";
				SWIFT_VERSION = 5.0;
				TARGETED_DEVICE_FAMILY = "1,2";
			};
			name = Debug;
		};
		189229DD22F1AE1700EF1E02 /* Release */ = {
			isa = XCBuildConfiguration;
			buildSettings = {
				ASSETCATALOG_COMPILER_APPICON_NAME = AppIcon;
				CODE_SIGN_STYLE = Automatic;
				INFOPLIST_FILE = MultiViewApp/Info.plist;
				LD_RUNPATH_SEARCH_PATHS = (
					"$(inherited)",
					"@executable_path/Frameworks",
				);
				PRODUCT_BUNDLE_IDENTIFIER = com.dbs.MultiViewApp;
				PRODUCT_NAME = "$(TARGET_NAME)";
				SWIFT_VERSION = 5.0;
				TARGETED_DEVICE_FAMILY = "1,2";
			};
			name = Release;
		};
/* End XCBuildConfiguration section */

/* Begin XCConfigurationList section */
		189229C422F1AE1700EF1E02 /* Build configuration list for PBXProject "MultiViewApp" */ = {
			isa = XCConfigurationList;
			buildConfigurations = (
				189229D922F1AE1700EF1E02 /* Debug */,
				189229DA22F1AE1700EF1E02 /* Release */,
			);
			defaultConfigurationIsVisible = 0;
			defaultConfigurationName = Release;
		};
		189229DB22F1AE1700EF1E02 /* Build configuration list for PBXNativeTarget "MultiViewApp" */ = {
			isa = XCConfigurationList;
			buildConfigurations = (
				189229DC22F1AE1700EF1E02 /* Debug */,
				189229DD22F1AE1700EF1E02 /* Release */,
			);
			defaultConfigurationIsVisible = 0;
			defaultConfigurationName = Release;
		};
/* End XCConfigurationList section */
	};
	rootObject = 189229C122F1AE1700EF1E02 /* Project object */;
}
